// !$*UTF8*$!
{
	archiveVersion = 1;
	classes = {
	};
	objectVersion = 46;
	objects = {

/* Begin PBXBuildFile section */
		BE3603B61AD7DE06005EE44C /* AppDelegate.swift in Sources */ = {isa = PBXBuildFile; fileRef = BE3603B51AD7DE06005EE44C /* AppDelegate.swift */; };
		BE3603B81AD7DE06005EE44C /* ViewController.swift in Sources */ = {isa = PBXBuildFile; fileRef = BE3603B71AD7DE06005EE44C /* ViewController.swift */; };
		BE3603BB1AD7DE06005EE44C /* Main.storyboard in Resources */ = {isa = PBXBuildFile; fileRef = BE3603B91AD7DE06005EE44C /* Main.storyboard */; };
		BE3603BD1AD7DE06005EE44C /* Images.xcassets in Resources */ = {isa = PBXBuildFile; fileRef = BE3603BC1AD7DE06005EE44C /* Images.xcassets */; };
		BE3603C01AD7DE06005EE44C /* LaunchScreen.xib in Resources */ = {isa = PBXBuildFile; fileRef = BE3603BE1AD7DE06005EE44C /* LaunchScreen.xib */; };
		BE3603CC1AD7DE06005EE44C /* KDDragAndDropCollectionViewsTests.swift in Sources */ = {isa = PBXBuildFile; fileRef = BE3603CB1AD7DE06005EE44C /* KDDragAndDropCollectionViewsTests.swift */; };
		BE3603D71AD7DE26005EE44C /* KDDragAndDropManager.swift in Sources */ = {isa = PBXBuildFile; fileRef = BE3603D61AD7DE26005EE44C /* KDDragAndDropManager.swift */; };
		BE3603D91AD82D4F005EE44C /* KDDragAndDropCollectionView.swift in Sources */ = {isa = PBXBuildFile; fileRef = BE3603D81AD82D4F005EE44C /* KDDragAndDropCollectionView.swift */; };
		BE3603DB1ADBE397005EE44C /* ColorCell.swift in Sources */ = {isa = PBXBuildFile; fileRef = BE3603DA1ADBE397005EE44C /* ColorCell.swift */; };
/* End PBXBuildFile section */

/* Begin PBXContainerItemProxy section */
		BE3603C61AD7DE06005EE44C /* PBXContainerItemProxy */ = {
			isa = PBXContainerItemProxy;
			containerPortal = BE3603A81AD7DE06005EE44C /* Project object */;
			proxyType = 1;
			remoteGlobalIDString = BE3603AF1AD7DE06005EE44C;
			remoteInfo = KDDragAndDropCollectionViews;
		};
/* End PBXContainerItemProxy section */

/* Begin PBXFileReference section */
		BE3603B01AD7DE06005EE44C /* KDDragAndDropCollectionViews.app */ = {isa = PBXFileReference; explicitFileType = wrapper.application; includeInIndex = 0; path = KDDragAndDropCollectionViews.app; sourceTree = BUILT_PRODUCTS_DIR; };
		BE3603B41AD7DE06005EE44C /* Info.plist */ = {isa = PBXFileReference; lastKnownFileType = text.plist.xml; path = Info.plist; sourceTree = "<group>"; };
		BE3603B51AD7DE06005EE44C /* AppDelegate.swift */ = {isa = PBXFileReference; lastKnownFileType = sourcecode.swift; path = AppDelegate.swift; sourceTree = "<group>"; };
		BE3603B71AD7DE06005EE44C /* ViewController.swift */ = {isa = PBXFileReference; lastKnownFileType = sourcecode.swift; path = ViewController.swift; sourceTree = "<group>"; };
		BE3603BA1AD7DE06005EE44C /* Base */ = {isa = PBXFileReference; lastKnownFileType = file.storyboard; name = Base; path = Base.lproj/Main.storyboard; sourceTree = "<group>"; };
		BE3603BC1AD7DE06005EE44C /* Images.xcassets */ = {isa = PBXFileReference; lastKnownFileType = folder.assetcatalog; path = Images.xcassets; sourceTree = "<group>"; };
		BE3603BF1AD7DE06005EE44C /* Base */ = {isa = PBXFileReference; lastKnownFileType = file.xib; name = Base; path = Base.lproj/LaunchScreen.xib; sourceTree = "<group>"; };
		BE3603C51AD7DE06005EE44C /* KDDragAndDropCollectionViewsTests.xctest */ = {isa = PBXFileReference; explicitFileType = wrapper.cfbundle; includeInIndex = 0; path = KDDragAndDropCollectionViewsTests.xctest; sourceTree = BUILT_PRODUCTS_DIR; };
		BE3603CA1AD7DE06005EE44C /* Info.plist */ = {isa = PBXFileReference; lastKnownFileType = text.plist.xml; path = Info.plist; sourceTree = "<group>"; };
		BE3603CB1AD7DE06005EE44C /* KDDragAndDropCollectionViewsTests.swift */ = {isa = PBXFileReference; lastKnownFileType = sourcecode.swift; path = KDDragAndDropCollectionViewsTests.swift; sourceTree = "<group>"; };
		BE3603D61AD7DE26005EE44C /* KDDragAndDropManager.swift */ = {isa = PBXFileReference; fileEncoding = 4; lastKnownFileType = sourcecode.swift; path = KDDragAndDropManager.swift; sourceTree = "<group>"; };
		BE3603D81AD82D4F005EE44C /* KDDragAndDropCollectionView.swift */ = {isa = PBXFileReference; fileEncoding = 4; lastKnownFileType = sourcecode.swift; path = KDDragAndDropCollectionView.swift; sourceTree = "<group>"; };
		BE3603DA1ADBE397005EE44C /* ColorCell.swift */ = {isa = PBXFileReference; fileEncoding = 4; lastKnownFileType = sourcecode.swift; path = ColorCell.swift; sourceTree = "<group>"; };
/* End PBXFileReference section */

/* Begin PBXFrameworksBuildPhase section */
		BE3603AD1AD7DE06005EE44C /* Frameworks */ = {
			isa = PBXFrameworksBuildPhase;
			buildActionMask = 2147483647;
			files = (
			);
			runOnlyForDeploymentPostprocessing = 0;
		};
		BE3603C21AD7DE06005EE44C /* Frameworks */ = {
			isa = PBXFrameworksBuildPhase;
			buildActionMask = 2147483647;
			files = (
			);
			runOnlyForDeploymentPostprocessing = 0;
		};
/* End PBXFrameworksBuildPhase section */

/* Begin PBXGroup section */
		BE3603A71AD7DE06005EE44C = {
			isa = PBXGroup;
			children = (
				BE3603B21AD7DE06005EE44C /* KDDragAndDropCollectionViews */,
				BE3603C81AD7DE06005EE44C /* KDDragAndDropCollectionViewsTests */,
				BE3603B11AD7DE06005EE44C /* Products */,
			);
			sourceTree = "<group>";
		};
		BE3603B11AD7DE06005EE44C /* Products */ = {
			isa = PBXGroup;
			children = (
				BE3603B01AD7DE06005EE44C /* KDDragAndDropCollectionViews.app */,
				BE3603C51AD7DE06005EE44C /* KDDragAndDropCollectionViewsTests.xctest */,
			);
			name = Products;
			sourceTree = "<group>";
		};
		BE3603B21AD7DE06005EE44C /* KDDragAndDropCollectionViews */ = {
			isa = PBXGroup;
			children = (
				BE3603D51AD7DE0B005EE44C /* KDDragAndDropCollectionViews */,
				BE3603B51AD7DE06005EE44C /* AppDelegate.swift */,
				BE3603B71AD7DE06005EE44C /* ViewController.swift */,
				BE3603DA1ADBE397005EE44C /* ColorCell.swift */,
				BE3603B91AD7DE06005EE44C /* Main.storyboard */,
				BE3603BC1AD7DE06005EE44C /* Images.xcassets */,
				BE3603BE1AD7DE06005EE44C /* LaunchScreen.xib */,
				BE3603B31AD7DE06005EE44C /* Supporting Files */,
			);
			path = KDDragAndDropCollectionViews;
			sourceTree = "<group>";
		};
		BE3603B31AD7DE06005EE44C /* Supporting Files */ = {
			isa = PBXGroup;
			children = (
				BE3603B41AD7DE06005EE44C /* Info.plist */,
			);
			name = "Supporting Files";
			sourceTree = "<group>";
		};
		BE3603C81AD7DE06005EE44C /* KDDragAndDropCollectionViewsTests */ = {
			isa = PBXGroup;
			children = (
				BE3603CB1AD7DE06005EE44C /* KDDragAndDropCollectionViewsTests.swift */,
				BE3603C91AD7DE06005EE44C /* Supporting Files */,
			);
			path = KDDragAndDropCollectionViewsTests;
			sourceTree = "<group>";
		};
		BE3603C91AD7DE06005EE44C /* Supporting Files */ = {
			isa = PBXGroup;
			children = (
				BE3603CA1AD7DE06005EE44C /* Info.plist */,
			);
			name = "Supporting Files";
			sourceTree = "<group>";
		};
		BE3603D51AD7DE0B005EE44C /* KDDragAndDropCollectionViews */ = {
			isa = PBXGroup;
			children = (
				BE3603D61AD7DE26005EE44C /* KDDragAndDropManager.swift */,
				BE3603D81AD82D4F005EE44C /* KDDragAndDropCollectionView.swift */,
			);
			name = KDDragAndDropCollectionViews;
			sourceTree = "<group>";
		};
/* End PBXGroup section */

/* Begin PBXNativeTarget section */
		BE3603AF1AD7DE06005EE44C /* KDDragAndDropCollectionViews */ = {
			isa = PBXNativeTarget;
			buildConfigurationList = BE3603CF1AD7DE06005EE44C /* Build configuration list for PBXNativeTarget "KDDragAndDropCollectionViews" */;
			buildPhases = (
				BE3603AC1AD7DE06005EE44C /* Sources */,
				BE3603AD1AD7DE06005EE44C /* Frameworks */,
				BE3603AE1AD7DE06005EE44C /* Resources */,
			);
			buildRules = (
			);
			dependencies = (
			);
			name = KDDragAndDropCollectionViews;
			productName = KDDragAndDropCollectionViews;
			productReference = BE3603B01AD7DE06005EE44C /* KDDragAndDropCollectionViews.app */;
			productType = "com.apple.product-type.application";
		};
		BE3603C41AD7DE06005EE44C /* KDDragAndDropCollectionViewsTests */ = {
			isa = PBXNativeTarget;
			buildConfigurationList = BE3603D21AD7DE06005EE44C /* Build configuration list for PBXNativeTarget "KDDragAndDropCollectionViewsTests" */;
			buildPhases = (
				BE3603C11AD7DE06005EE44C /* Sources */,
				BE3603C21AD7DE06005EE44C /* Frameworks */,
				BE3603C31AD7DE06005EE44C /* Resources */,
			);
			buildRules = (
			);
			dependencies = (
				BE3603C71AD7DE06005EE44C /* PBXTargetDependency */,
			);
			name = KDDragAndDropCollectionViewsTests;
			productName = KDDragAndDropCollectionViewsTests;
			productReference = BE3603C51AD7DE06005EE44C /* KDDragAndDropCollectionViewsTests.xctest */;
			productType = "com.apple.product-type.bundle.unit-test";
		};
/* End PBXNativeTarget section */

/* Begin PBXProject section */
		BE3603A81AD7DE06005EE44C /* Project object */ = {
			isa = PBXProject;
			attributes = {
				LastUpgradeCheck = 0620;
				ORGANIZATIONNAME = Karmadust;
				TargetAttributes = {
					BE3603AF1AD7DE06005EE44C = {
						CreatedOnToolsVersion = 6.2;
					};
					BE3603C41AD7DE06005EE44C = {
						CreatedOnToolsVersion = 6.2;
						TestTargetID = BE3603AF1AD7DE06005EE44C;
					};
				};
			};
			buildConfigurationList = BE3603AB1AD7DE06005EE44C /* Build configuration list for PBXProject "KDDragAndDropCollectionViews" */;
			compatibilityVersion = "Xcode 3.2";
			developmentRegion = English;
			hasScannedForEncodings = 0;
			knownRegions = (
				en,
				Base,
			);
			mainGroup = BE3603A71AD7DE06005EE44C;
			productRefGroup = BE3603B11AD7DE06005EE44C /* Products */;
			projectDirPath = "";
			projectRoot = "";
			targets = (
				BE3603AF1AD7DE06005EE44C /* KDDragAndDropCollectionViews */,
				BE3603C41AD7DE06005EE44C /* KDDragAndDropCollectionViewsTests */,
			);
		};
/* End PBXProject section */

/* Begin PBXResourcesBuildPhase section */
		BE3603AE1AD7DE06005EE44C /* Resources */ = {
			isa = PBXResourcesBuildPhase;
			buildActionMask = 2147483647;
			files = (
				BE3603BB1AD7DE06005EE44C /* Main.storyboard in Resources */,
				BE3603C01AD7DE06005EE44C /* LaunchScreen.xib in Resources */,
				BE3603BD1AD7DE06005EE44C /* Images.xcassets in Resources */,
			);
			runOnlyForDeploymentPostprocessing = 0;
		};
		BE3603C31AD7DE06005EE44C /* Resources */ = {
			isa = PBXResourcesBuildPhase;
			buildActionMask = 2147483647;
			files = (
			);
			runOnlyForDeploymentPostprocessing = 0;
		};
/* End PBXResourcesBuildPhase section */

/* Begin PBXSourcesBuildPhase section */
		BE3603AC1AD7DE06005EE44C /* Sources */ = {
			isa = PBXSourcesBuildPhase;
			buildActionMask = 2147483647;
			files = (
				BE3603D91AD82D4F005EE44C /* KDDragAndDropCollectionView.swift in Sources */,
				BE3603D71AD7DE26005EE44C /* KDDragAndDropManager.swift in Sources */,
				BE3603B81AD7DE06005EE44C /* ViewController.swift in Sources */,
				BE3603DB1ADBE397005EE44C /* ColorCell.swift in Sources */,
				BE3603B61AD7DE06005EE44C /* AppDelegate.swift in Sources */,
			);
			runOnlyForDeploymentPostprocessing = 0;
		};
		BE3603C11AD7DE06005EE44C /* Sources */ = {
			isa = PBXSourcesBuildPhase;
			buildActionMask = 2147483647;
			files = (
				BE3603CC1AD7DE06005EE44C /* KDDragAndDropCollectionViewsTests.swift in Sources */,
			);
			runOnlyForDeploymentPostprocessing = 0;
		};
/* End PBXSourcesBuildPhase section */

/* Begin PBXTargetDependency section */
		BE3603C71AD7DE06005EE44C /* PBXTargetDependency */ = {
			isa = PBXTargetDependency;
			target = BE3603AF1AD7DE06005EE44C /* KDDragAndDropCollectionViews */;
			targetProxy = BE3603C61AD7DE06005EE44C /* PBXContainerItemProxy */;
		};
/* End PBXTargetDependency section */

/* Begin PBXVariantGroup section */
		BE3603B91AD7DE06005EE44C /* Main.storyboard */ = {
			isa = PBXVariantGroup;
			children = (
				BE3603BA1AD7DE06005EE44C /* Base */,
			);
			name = Main.storyboard;
			sourceTree = "<group>";
		};
		BE3603BE1AD7DE06005EE44C /* LaunchScreen.xib */ = {
			isa = PBXVariantGroup;
			children = (
				BE3603BF1AD7DE06005EE44C /* Base */,
			);
			name = LaunchScreen.xib;
			sourceTree = "<group>";
		};
/* End PBXVariantGroup section */

/* Begin XCBuildConfiguration section */
		BE3603CD1AD7DE06005EE44C /* Debug */ = {
			isa = XCBuildConfiguration;
			buildSettings = {
				ALWAYS_SEARCH_USER_PATHS = NO;
				CLANG_CXX_LANGUAGE_STANDARD = "gnu++0x";
				CLANG_CXX_LIBRARY = "libc++";
				CLANG_ENABLE_MODULES = YES;
				CLANG_ENABLE_OBJC_ARC = YES;
				CLANG_WARN_BOOL_CONVERSION = YES;
				CLANG_WARN_CONSTANT_CONVERSION = YES;
				CLANG_WARN_DIRECT_OBJC_ISA_USAGE = YES_ERROR;
				CLANG_WARN_EMPTY_BODY = YES;
				CLANG_WARN_ENUM_CONVERSION = YES;
				CLANG_WARN_INT_CONVERSION = YES;
				CLANG_WARN_OBJC_ROOT_CLASS = YES_ERROR;
				CLANG_WARN_UNREACHABLE_CODE = YES;
				CLANG_WARN__DUPLICATE_METHOD_MATCH = YES;
				"CODE_SIGN_IDENTITY[sdk=iphoneos*]" = "iPhone Developer";
				COPY_PHASE_STRIP = NO;
				ENABLE_STRICT_OBJC_MSGSEND = YES;
				GCC_C_LANGUAGE_STANDARD = gnu99;
				GCC_DYNAMIC_NO_PIC = NO;
				GCC_OPTIMIZATION_LEVEL = 0;
				GCC_PREPROCESSOR_DEFINITIONS = (
					"DEBUG=1",
					"$(inherited)",
				);
				GCC_SYMBOLS_PRIVATE_EXTERN = NO;
				GCC_WARN_64_TO_32_BIT_CONVERSION = YES;
				GCC_WARN_ABOUT_RETURN_TYPE = YES_ERROR;
				GCC_WARN_UNDECLARED_SELECTOR = YES;
				GCC_WARN_UNINITIALIZED_AUTOS = YES_AGGRESSIVE;
				GCC_WARN_UNUSED_FUNCTION = YES;
				GCC_WARN_UNUSED_VARIABLE = YES;
				IPHONEOS_DEPLOYMENT_TARGET = 8.2;
				MTL_ENABLE_DEBUG_INFO = YES;
				ONLY_ACTIVE_ARCH = YES;
				SDKROOT = iphoneos;
				SWIFT_OPTIMIZATION_LEVEL = "-Onone";
			};
			name = Debug;
		};
		BE3603CE1AD7DE06005EE44C /* Release */ = {
			isa = XCBuildConfiguration;
			buildSettings = {
				ALWAYS_SEARCH_USER_PATHS = NO;
				CLANG_CXX_LANGUAGE_STANDARD = "gnu++0x";
				CLANG_CXX_LIBRARY = "libc++";
				CLANG_ENABLE_MODULES = YES;
				CLANG_ENABLE_OBJC_ARC = YES;
				CLANG_WARN_BOOL_CONVERSION = YES;
				CLANG_WARN_CONSTANT_CONVERSION = YES;
				CLANG_WARN_DIRECT_OBJC_ISA_USAGE = YES_ERROR;
				CLANG_WARN_EMPTY_BODY = YES;
				CLANG_WARN_ENUM_CONVERSION = YES;
				CLANG_WARN_INT_CONVERSION = YES;
				CLANG_WARN_OBJC_ROOT_CLASS = YES_ERROR;
				CLANG_WARN_UNREACHABLE_CODE = YES;
				CLANG_WARN__DUPLICATE_METHOD_MATCH = YES;
				"CODE_SIGN_IDENTITY[sdk=iphoneos*]" = "iPhone Developer";
				COPY_PHASE_STRIP = NO;
				ENABLE_NS_ASSERTIONS = NO;
				ENABLE_STRICT_OBJC_MSGSEND = YES;
				GCC_C_LANGUAGE_STANDARD = gnu99;
				GCC_WARN_64_TO_32_BIT_CONVERSION = YES;
				GCC_WARN_ABOUT_RETURN_TYPE = YES_ERROR;
				GCC_WARN_UNDECLARED_SELECTOR = YES;
				GCC_WARN_UNINITIALIZED_AUTOS = YES_AGGRESSIVE;
				GCC_WARN_UNUSED_FUNCTION = YES;
				GCC_WARN_UNUSED_VARIABLE = YES;
				IPHONEOS_DEPLOYMENT_TARGET = 8.2;
				MTL_ENABLE_DEBUG_INFO = NO;
				SDKROOT = iphoneos;
				VALIDATE_PRODUCT = YES;
			};
			name = Release;
		};
		BE3603D01AD7DE06005EE44C /* Debug */ = {
			isa = XCBuildConfiguration;
			buildSettings = {
				ASSETCATALOG_COMPILER_APPICON_NAME = AppIcon;
				INFOPLIST_FILE = KDDragAndDropCollectionViews/Info.plist;
				LD_RUNPATH_SEARCH_PATHS = "$(inherited) @executable_path/Frameworks";
				PRODUCT_NAME = "$(TARGET_NAME)";
			};
			name = Debug;
		};
		BE3603D11AD7DE06005EE44C /* Release */ = {
			isa = XCBuildConfiguration;
			buildSettings = {
				ASSETCATALOG_COMPILER_APPICON_NAME = AppIcon;
				INFOPLIST_FILE = KDDragAndDropCollectionViews/Info.plist;
				LD_RUNPATH_SEARCH_PATHS = "$(inherited) @executable_path/Frameworks";
				PRODUCT_NAME = "$(TARGET_NAME)";
			};
			name = Release;
		};
		BE3603D31AD7DE06005EE44C /* Debug */ = {
			isa = XCBuildConfiguration;
			buildSettings = {
				BUNDLE_LOADER = "$(TEST_HOST)";
				FRAMEWORK_SEARCH_PATHS = (
					"$(SDKROOT)/Developer/Library/Frameworks",
					"$(inherited)",
				);
				GCC_PREPROCESSOR_DEFINITIONS = (
					"DEBUG=1",
					"$(inherited)",
				);
				INFOPLIST_FILE = KDDragAndDropCollectionViewsTests/Info.plist;
				LD_RUNPATH_SEARCH_PATHS = "$(inherited) @executable_path/Frameworks @loader_path/Frameworks";
				PRODUCT_NAME = "$(TARGET_NAME)";
				TEST_HOST = "$(BUILT_PRODUCTS_DIR)/KDDragAndDropCollectionViews.app/KDDragAndDropCollectionViews";
			};
			name = Debug;
		};
		BE3603D41AD7DE06005EE44C /* Release */ = {
			isa = XCBuildConfiguration;
			buildSettings = {
				BUNDLE_LOADER = "$(TEST_HOST)";
				FRAMEWORK_SEARCH_PATHS = (
					"$(SDKROOT)/Developer/Library/Frameworks",
					"$(inherited)",
				);
				INFOPLIST_FILE = KDDragAndDropCollectionViewsTests/Info.plist;
				LD_RUNPATH_SEARCH_PATHS = "$(inherited) @executable_path/Frameworks @loader_path/Frameworks";
				PRODUCT_NAME = "$(TARGET_NAME)";
				TEST_HOST = "$(BUILT_PRODUCTS_DIR)/KDDragAndDropCollectionViews.app/KDDragAndDropCollectionViews";
			};
			name = Release;
		};
/* End XCBuildConfiguration section */

/* Begin XCConfigurationList section */
		BE3603AB1AD7DE06005EE44C /* Build configuration list for PBXProject "KDDragAndDropCollectionViews" */ = {
			isa = XCConfigurationList;
			buildConfigurations = (
				BE3603CD1AD7DE06005EE44C /* Debug */,
				BE3603CE1AD7DE06005EE44C /* Release */,
			);
			defaultConfigurationIsVisible = 0;
			defaultConfigurationName = Release;
		};
		BE3603CF1AD7DE06005EE44C /* Build configuration list for PBXNativeTarget "KDDragAndDropCollectionViews" */ = {
			isa = XCConfigurationList;
			buildConfigurations = (
				BE3603D01AD7DE06005EE44C /* Debug */,
				BE3603D11AD7DE06005EE44C /* Release */,
			);
			defaultConfigurationIsVisible = 0;
			defaultConfigurationName = Release;
		};
		BE3603D21AD7DE06005EE44C /* Build configuration list for PBXNativeTarget "KDDragAndDropCollectionViewsTests" */ = {
			isa = XCConfigurationList;
			buildConfigurations = (
				BE3603D31AD7DE06005EE44C /* Debug */,
				BE3603D41AD7DE06005EE44C /* Release */,
			);
			defaultConfigurationIsVisible = 0;
			defaultConfigurationName = Release;
		};
/* End XCConfigurationList section */
	};
	rootObject = BE3603A81AD7DE06005EE44C /* Project object */;
}
